
Microsoft Visual Studio Solution File, Format Version 12.00
# Visual Studio 15
VisualStudioVersion = 15.0.26430.16
MinimumVisualStudioVersion = 10.0.40219.1
Project("{FAE04EC0-301F-11D3-BF4B-00C04F79EFBC}") = "ConsumeMathService", "ConsumeMathService\ConsumeMathService.csproj", "{4C67E8D8-1ED7-4E7E-BB14-AF6094B22CDF}"
EndProject
Global
	GlobalSection(SolutionConfigurationPlatforms) = preSolution
		Debug|Any CPU = Debug|Any CPU
		Release|Any CPU = Release|Any CPU
	EndGlobalSection
	GlobalSection(ProjectConfigurationPlatforms) = postSolution
		{4C67E8D8-1ED7-4E7E-BB14-AF6094B22CDF}.Debug|Any CPU.ActiveCfg = Debug|Any CPU
		{4C67E8D8-1ED7-4E7E-BB14-AF6094B22CDF}.Debug|Any CPU.Build.0 = Debug|Any CPU
		{4C67E8D8-1ED7-4E7E-BB14-AF6094B22CDF}.Release|Any CPU.ActiveCfg = Release|Any CPU
		{4C67E8D8-1ED7-4E7E-BB14-AF6094B22CDF}.Release|Any CPU.Build.0 = Release|Any CPU
	EndGlobalSection
	GlobalSection(SolutionProperties) = preSolution
		HideSolutionNode = FALSE
	EndGlobalSection
EndGlobal
